// !$*UTF8*$!
{
	archiveVersion = 1;
	classes = {
	};
	objectVersion = 56;
	objects = {

/* Begin PBXBuildFile section */
		283EEC8829C7B55300009F50 /* luckStartyear.swift in Sources */ = {isa = PBXBuildFile; fileRef = 283EEC8729C7B55200009F50 /* luckStartyear.swift */; };
		28403EBF296FE50800C5E148 /* trynewui.swift in Sources */ = {isa = PBXBuildFile; fileRef = 28403EBE296FE50800C5E148 /* trynewui.swift */; };
		286FFB34295C7D4200D10E8A /* maindoc.swift in Sources */ = {isa = PBXBuildFile; fileRef = 286FFB33295C7D4200D10E8A /* maindoc.swift */; };
		286FFB36295C7D4200D10E8A /* CoreDataViewModel.swift in Sources */ = {isa = PBXBuildFile; fileRef = 286FFB35295C7D4200D10E8A /* CoreDataViewModel.swift */; };
		286FFB38295C7D4400D10E8A /* Assets.xcassets in Resources */ = {isa = PBXBuildFile; fileRef = 286FFB37295C7D4400D10E8A /* Assets.xcassets */; };
		286FFB3B295C7D4400D10E8A /* Preview Assets.xcassets in Resources */ = {isa = PBXBuildFile; fileRef = 286FFB3A295C7D4400D10E8A /* Preview Assets.xcassets */; };
		286FFB43295C7D9400D10E8A /* coremodel.xcdatamodeld in Sources */ = {isa = PBXBuildFile; fileRef = 286FFB41295C7D9300D10E8A /* coremodel.xcdatamodeld */; };
		286FFB6F2962B6D900D10E8A /* addNameBirth.swift in Sources */ = {isa = PBXBuildFile; fileRef = 286FFB6E2962B6D900D10E8A /* addNameBirth.swift */; };
		286FFB712962F2E100D10E8A /* calculatedpage.swift in Sources */ = {isa = PBXBuildFile; fileRef = 286FFB702962F2E100D10E8A /* calculatedpage.swift */; };
		286FFB742966E02100D10E8A /* birthdaybaxiCal.swift in Sources */ = {isa = PBXBuildFile; fileRef = 286FFB732966E02100D10E8A /* birthdaybaxiCal.swift */; };
		28B476FA29989D4000C4B2D6 /* strenghCal.swift in Sources */ = {isa = PBXBuildFile; fileRef = 28B476F929989D4000C4B2D6 /* strenghCal.swift */; };
		28D92A972981EAB100703CEC /* line stats.swift in Sources */ = {isa = PBXBuildFile; fileRef = 28D92A962981EAB100703CEC /* line stats.swift */; };
		28D92A992981EBF500703CEC /* BadgeBackground.swift in Sources */ = {isa = PBXBuildFile; fileRef = 28D92A982981EBF500703CEC /* BadgeBackground.swift */; };
		28F9856629718543006EB3B0 /* SwiftUIView.swift in Sources */ = {isa = PBXBuildFile; fileRef = 28F9856529718543006EB3B0 /* SwiftUIView.swift */; };
		28F9856A29729C60006EB3B0 /* firstpagev1.swift in Sources */ = {isa = PBXBuildFile; fileRef = 28F9856929729C60006EB3B0 /* firstpagev1.swift */; };
		28F9856D2975A13E006EB3B0 /* statsView.swift in Sources */ = {isa = PBXBuildFile; fileRef = 28F9856C2975A13E006EB3B0 /* statsView.swift */; };
/* End PBXBuildFile section */

/* Begin PBXFileReference section */
		283EEC8729C7B55200009F50 /* luckStartyear.swift */ = {isa = PBXFileReference; lastKnownFileType = sourcecode.swift; path = luckStartyear.swift; sourceTree = "<group>"; };
		28403EBE296FE50800C5E148 /* trynewui.swift */ = {isa = PBXFileReference; lastKnownFileType = sourcecode.swift; path = trynewui.swift; sourceTree = "<group>"; };
		286FFB30295C7D4200D10E8A /* coredataPRaci.app */ = {isa = PBXFileReference; explicitFileType = wrapper.application; includeInIndex = 0; path = coredataPRaci.app; sourceTree = BUILT_PRODUCTS_DIR; };
		286FFB33295C7D4200D10E8A /* maindoc.swift */ = {isa = PBXFileReference; lastKnownFileType = sourcecode.swift; path = maindoc.swift; sourceTree = "<group>"; };
		286FFB35295C7D4200D10E8A /* CoreDataViewModel.swift */ = {isa = PBXFileReference; lastKnownFileType = sourcecode.swift; path = CoreDataViewModel.swift; sourceTree = "<group>"; };
		286FFB37295C7D4400D10E8A /* Assets.xcassets */ = {isa = PBXFileReference; lastKnownFileType = folder.assetcatalog; path = Assets.xcassets; sourceTree = "<group>"; };
		286FFB3A295C7D4400D10E8A /* Preview Assets.xcassets */ = {isa = PBXFileReference; lastKnownFileType = folder.assetcatalog; path = "Preview Assets.xcassets"; sourceTree = "<group>"; };
		286FFB42295C7D9400D10E8A /* coremodel.xcdatamodel */ = {isa = PBXFileReference; lastKnownFileType = wrapper.xcdatamodel; path = coremodel.xcdatamodel; sourceTree = "<group>"; };
		286FFB672960739C00D10E8A /* Info.plist */ = {isa = PBXFileReference; lastKnownFileType = text.plist; path = Info.plist; sourceTree = "<group>"; };
		286FFB6E2962B6D900D10E8A /* addNameBirth.swift */ = {isa = PBXFileReference; lastKnownFileType = sourcecode.swift; path = addNameBirth.swift; sourceTree = "<group>"; };
		286FFB702962F2E100D10E8A /* calculatedpage.swift */ = {isa = PBXFileReference; fileEncoding = 4; lastKnownFileType = sourcecode.swift; path = calculatedpage.swift; sourceTree = "<group>"; };
		286FFB732966E02100D10E8A /* birthdaybaxiCal.swift */ = {isa = PBXFileReference; lastKnownFileType = sourcecode.swift; path = birthdaybaxiCal.swift; sourceTree = "<group>"; };
		28B476F929989D4000C4B2D6 /* strenghCal.swift */ = {isa = PBXFileReference; lastKnownFileType = sourcecode.swift; path = strenghCal.swift; sourceTree = "<group>"; };
		28D92A962981EAB100703CEC /* line stats.swift */ = {isa = PBXFileReference; fileEncoding = 4; lastKnownFileType = sourcecode.swift; path = "line stats.swift"; sourceTree = "<group>"; };
		28D92A982981EBF500703CEC /* BadgeBackground.swift */ = {isa = PBXFileReference; fileEncoding = 4; lastKnownFileType = sourcecode.swift; path = BadgeBackground.swift; sourceTree = "<group>"; };
		28F9856529718543006EB3B0 /* SwiftUIView.swift */ = {isa = PBXFileReference; lastKnownFileType = sourcecode.swift; path = SwiftUIView.swift; sourceTree = "<group>"; };
		28F9856929729C60006EB3B0 /* firstpagev1.swift */ = {isa = PBXFileReference; lastKnownFileType = sourcecode.swift; path = firstpagev1.swift; sourceTree = "<group>"; };
		28F9856C2975A13E006EB3B0 /* statsView.swift */ = {isa = PBXFileReference; lastKnownFileType = sourcecode.swift; path = statsView.swift; sourceTree = "<group>"; };
/* End PBXFileReference section */

/* Begin PBXFrameworksBuildPhase section */
		286FFB2D295C7D4200D10E8A /* Frameworks */ = {
			isa = PBXFrameworksBuildPhase;
			buildActionMask = 2147483647;
			files = (
			);
			runOnlyForDeploymentPostprocessing = 0;
		};
/* End PBXFrameworksBuildPhase section */

/* Begin PBXGroup section */
		286FFB27295C7D4200D10E8A = {
			isa = PBXGroup;
			children = (
				286FFB32295C7D4200D10E8A /* coredataPRaci */,
				286FFB31295C7D4200D10E8A /* Products */,
			);
			sourceTree = "<group>";
		};
		286FFB31295C7D4200D10E8A /* Products */ = {
			isa = PBXGroup;
			children = (
				286FFB30295C7D4200D10E8A /* coredataPRaci.app */,
			);
			name = Products;
			sourceTree = "<group>";
		};
		286FFB32295C7D4200D10E8A /* coredataPRaci */ = {
			isa = PBXGroup;
			children = (
				28B476F829989D2200C4B2D6 /* Fomular */,
				286FFB722962F6C700D10E8A /* CoreModel */,
				286FFB4429600BEA00D10E8A /* Views */,
				286FFB33295C7D4200D10E8A /* maindoc.swift */,
				286FFB37295C7D4400D10E8A /* Assets.xcassets */,
				286FFB39295C7D4400D10E8A /* Preview Content */,
				286FFB41295C7D9300D10E8A /* coremodel.xcdatamodeld */,
				286FFB672960739C00D10E8A /* Info.plist */,
			);
			path = coredataPRaci;
			sourceTree = "<group>";
		};
		286FFB39295C7D4400D10E8A /* Preview Content */ = {
			isa = PBXGroup;
			children = (
				286FFB3A295C7D4400D10E8A /* Preview Assets.xcassets */,
			);
			path = "Preview Content";
			sourceTree = "<group>";
		};
		286FFB4429600BEA00D10E8A /* Views */ = {
			isa = PBXGroup;
			children = (
				28F9856B2975A103006EB3B0 /* New Group */,
				286FFB6E2962B6D900D10E8A /* addNameBirth.swift */,
				286FFB702962F2E100D10E8A /* calculatedpage.swift */,
				28F9856929729C60006EB3B0 /* firstpagev1.swift */,
				28403EBE296FE50800C5E148 /* trynewui.swift */,
			);
			name = Views;
			sourceTree = "<group>";
		};
		286FFB722962F6C700D10E8A /* CoreModel */ = {
			isa = PBXGroup;
			children = (
				286FFB35295C7D4200D10E8A /* CoreDataViewModel.swift */,
				286FFB732966E02100D10E8A /* birthdaybaxiCal.swift */,
			);
			path = CoreModel;
			sourceTree = "<group>";
		};
		28B476F829989D2200C4B2D6 /* Fomular */ = {
			isa = PBXGroup;
			children = (
				28B476F929989D4000C4B2D6 /* strenghCal.swift */,
				283EEC8729C7B55200009F50 /* luckStartyear.swift */,
			);
			path = Fomular;
			sourceTree = "<group>";
		};
		28F9856B2975A103006EB3B0 /* New Group */ = {
			isa = PBXGroup;
			children = (
				28F9856529718543006EB3B0 /* SwiftUIView.swift */,
				28F9856C2975A13E006EB3B0 /* statsView.swift */,
				28D92A962981EAB100703CEC /* line stats.swift */,
				28D92A982981EBF500703CEC /* BadgeBackground.swift */,
			);
			name = "New Group";
			sourceTree = "<group>";
		};
/* End PBXGroup section */

/* Begin PBXNativeTarget section */
		286FFB2F295C7D4200D10E8A /* coredataPRaci */ = {
			isa = PBXNativeTarget;
			buildConfigurationList = 286FFB3E295C7D4400D10E8A /* Build configuration list for PBXNativeTarget "coredataPRaci" */;
			buildPhases = (
				286FFB2C295C7D4200D10E8A /* Sources */,
				286FFB2D295C7D4200D10E8A /* Frameworks */,
				286FFB2E295C7D4200D10E8A /* Resources */,
			);
			buildRules = (
			);
			dependencies = (
			);
			name = coredataPRaci;
			productName = coredataPRaci;
			productReference = 286FFB30295C7D4200D10E8A /* coredataPRaci.app */;
			productType = "com.apple.product-type.application";
		};
/* End PBXNativeTarget section */

/* Begin PBXProject section */
		286FFB28295C7D4200D10E8A /* Project object */ = {
			isa = PBXProject;
			attributes = {
				BuildIndependentTargetsInParallel = 1;
				LastSwiftUpdateCheck = 1420;
				LastUpgradeCheck = 1420;
				TargetAttributes = {
					286FFB2F295C7D4200D10E8A = {
						CreatedOnToolsVersion = 14.2;
					};
				};
			};
			buildConfigurationList = 286FFB2B295C7D4200D10E8A /* Build configuration list for PBXProject "coredataPRaci" */;
			compatibilityVersion = "Xcode 14.0";
			developmentRegion = en;
			hasScannedForEncodings = 0;
			knownRegions = (
				en,
				Base,
			);
			mainGroup = 286FFB27295C7D4200D10E8A;
			productRefGroup = 286FFB31295C7D4200D10E8A /* Products */;
			projectDirPath = "";
			projectRoot = "";
			targets = (
				286FFB2F295C7D4200D10E8A /* coredataPRaci */,
			);
		};
/* End PBXProject section */

/* Begin PBXResourcesBuildPhase section */
		286FFB2E295C7D4200D10E8A /* Resources */ = {
			isa = PBXResourcesBuildPhase;
			buildActionMask = 2147483647;
			files = (
				286FFB3B295C7D4400D10E8A /* Preview Assets.xcassets in Resources */,
				286FFB38295C7D4400D10E8A /* Assets.xcassets in Resources */,
			);
			runOnlyForDeploymentPostprocessing = 0;
		};
/* End PBXResourcesBuildPhase section */

/* Begin PBXSourcesBuildPhase section */
		286FFB2C295C7D4200D10E8A /* Sources */ = {
			isa = PBXSourcesBuildPhase;
			buildActionMask = 2147483647;
			files = (
				28403EBF296FE50800C5E148 /* trynewui.swift in Sources */,
				286FFB43295C7D9400D10E8A /* coremodel.xcdatamodeld in Sources */,
				28F9856629718543006EB3B0 /* SwiftUIView.swift in Sources */,
				28F9856D2975A13E006EB3B0 /* statsView.swift in Sources */,
				286FFB742966E02100D10E8A /* birthdaybaxiCal.swift in Sources */,
				286FFB36295C7D4200D10E8A /* CoreDataViewModel.swift in Sources */,
				286FFB712962F2E100D10E8A /* calculatedpage.swift in Sources */,
				28D92A992981EBF500703CEC /* BadgeBackground.swift in Sources */,
				28D92A972981EAB100703CEC /* line stats.swift in Sources */,
				286FFB34295C7D4200D10E8A /* maindoc.swift in Sources */,
				28B476FA29989D4000C4B2D6 /* strenghCal.swift in Sources */,
				286FFB6F2962B6D900D10E8A /* addNameBirth.swift in Sources */,
				283EEC8829C7B55300009F50 /* luckStartyear.swift in Sources */,
				28F9856A29729C60006EB3B0 /* firstpagev1.swift in Sources */,
			);
			runOnlyForDeploymentPostprocessing = 0;
		};
/* End PBXSourcesBuildPhase section */

/* Begin XCBuildConfiguration section */
		286FFB3C295C7D4400D10E8A /* Debug */ = {
			isa = XCBuildConfiguration;
			buildSettings = {
				ALWAYS_SEARCH_USER_PATHS = NO;
				CLANG_ANALYZER_NONNULL = YES;
				CLANG_ANALYZER_NUMBER_OBJECT_CONVERSION = YES_AGGRESSIVE;
				CLANG_CXX_LANGUAGE_STANDARD = "gnu++20";
				CLANG_ENABLE_MODULES = YES;
				CLANG_ENABLE_OBJC_ARC = YES;
				CLANG_ENABLE_OBJC_WEAK = YES;
				CLANG_WARN_BLOCK_CAPTURE_AUTORELEASING = YES;
				CLANG_WARN_BOOL_CONVERSION = YES;
				CLANG_WARN_COMMA = YES;
				CLANG_WARN_CONSTANT_CONVERSION = YES;
				CLANG_WARN_DEPRECATED_OBJC_IMPLEMENTATIONS = YES;
				CLANG_WARN_DIRECT_OBJC_ISA_USAGE = YES_ERROR;
				CLANG_WARN_DOCUMENTATION_COMMENTS = YES;
				CLANG_WARN_EMPTY_BODY = YES;
				CLANG_WARN_ENUM_CONVERSION = YES;
				CLANG_WARN_INFINITE_RECURSION = YES;
				CLANG_WARN_INT_CONVERSION = YES;
				CLANG_WARN_NON_LITERAL_NULL_CONVERSION = YES;
				CLANG_WARN_OBJC_IMPLICIT_RETAIN_SELF = YES;
				CLANG_WARN_OBJC_LITERAL_CONVERSION = YES;
				CLANG_WARN_OBJC_ROOT_CLASS = YES_ERROR;
				CLANG_WARN_QUOTED_INCLUDE_IN_FRAMEWORK_HEADER = YES;
				CLANG_WARN_RANGE_LOOP_ANALYSIS = YES;
				CLANG_WARN_STRICT_PROTOTYPES = YES;
				CLANG_WARN_SUSPICIOUS_MOVE = YES;
				CLANG_WARN_UNGUARDED_AVAILABILITY = YES_AGGRESSIVE;
				CLANG_WARN_UNREACHABLE_CODE = YES;
				CLANG_WARN__DUPLICATE_METHOD_MATCH = YES;
				COPY_PHASE_STRIP = NO;
				DEBUG_INFORMATION_FORMAT = dwarf;
				ENABLE_STRICT_OBJC_MSGSEND = YES;
				ENABLE_TESTABILITY = YES;
				GCC_C_LANGUAGE_STANDARD = gnu11;
				GCC_DYNAMIC_NO_PIC = NO;
				GCC_NO_COMMON_BLOCKS = YES;
				GCC_OPTIMIZATION_LEVEL = 0;
				GCC_PREPROCESSOR_DEFINITIONS = (
					"DEBUG=1",
					"$(inherited)",
				);
				GCC_WARN_64_TO_32_BIT_CONVERSION = YES;
				GCC_WARN_ABOUT_RETURN_TYPE = YES_ERROR;
				GCC_WARN_UNDECLARED_SELECTOR = YES;
				GCC_WARN_UNINITIALIZED_AUTOS = YES_AGGRESSIVE;
				GCC_WARN_UNUSED_FUNCTION = YES;
				GCC_WARN_UNUSED_VARIABLE = YES;
				IPHONEOS_DEPLOYMENT_TARGET = 16.2;
				MTL_ENABLE_DEBUG_INFO = INCLUDE_SOURCE;
				MTL_FAST_MATH = YES;
				ONLY_ACTIVE_ARCH = YES;
				SDKROOT = iphoneos;
				SWIFT_ACTIVE_COMPILATION_CONDITIONS = DEBUG;
				SWIFT_OPTIMIZATION_LEVEL = "-Onone";
			};
			name = Debug;
		};
		286FFB3D295C7D4400D10E8A /* Release */ = {
			isa = XCBuildConfiguration;
			buildSettings = {
				ALWAYS_SEARCH_USER_PATHS = NO;
				CLANG_ANALYZER_NONNULL = YES;
				CLANG_ANALYZER_NUMBER_OBJECT_CONVERSION = YES_AGGRESSIVE;
				CLANG_CXX_LANGUAGE_STANDARD = "gnu++20";
				CLANG_ENABLE_MODULES = YES;
				CLANG_ENABLE_OBJC_ARC = YES;
				CLANG_ENABLE_OBJC_WEAK = YES;
				CLANG_WARN_BLOCK_CAPTURE_AUTORELEASING = YES;
				CLANG_WARN_BOOL_CONVERSION = YES;
				CLANG_WARN_COMMA = YES;
				CLANG_WARN_CONSTANT_CONVERSION = YES;
				CLANG_WARN_DEPRECATED_OBJC_IMPLEMENTATIONS = YES;
				CLANG_WARN_DIRECT_OBJC_ISA_USAGE = YES_ERROR;
				CLANG_WARN_DOCUMENTATION_COMMENTS = YES;
				CLANG_WARN_EMPTY_BODY = YES;
				CLANG_WARN_ENUM_CONVERSION = YES;
				CLANG_WARN_INFINITE_RECURSION = YES;
				CLANG_WARN_INT_CONVERSION = YES;
				CLANG_WARN_NON_LITERAL_NULL_CONVERSION = YES;
				CLANG_WARN_OBJC_IMPLICIT_RETAIN_SELF = YES;
				CLANG_WARN_OBJC_LITERAL_CONVERSION = YES;
				CLANG_WARN_OBJC_ROOT_CLASS = YES_ERROR;
				CLANG_WARN_QUOTED_INCLUDE_IN_FRAMEWORK_HEADER = YES;
				CLANG_WARN_RANGE_LOOP_ANALYSIS = YES;
				CLANG_WARN_STRICT_PROTOTYPES = YES;
				CLANG_WARN_SUSPICIOUS_MOVE = YES;
				CLANG_WARN_UNGUARDED_AVAILABILITY = YES_AGGRESSIVE;
				CLANG_WARN_UNREACHABLE_CODE = YES;
				CLANG_WARN__DUPLICATE_METHOD_MATCH = YES;
				COPY_PHASE_STRIP = NO;
				DEBUG_INFORMATION_FORMAT = "dwarf-with-dsym";
				ENABLE_NS_ASSERTIONS = NO;
				ENABLE_STRICT_OBJC_MSGSEND = YES;
				GCC_C_LANGUAGE_STANDARD = gnu11;
				GCC_NO_COMMON_BLOCKS = YES;
				GCC_WARN_64_TO_32_BIT_CONVERSION = YES;
				GCC_WARN_ABOUT_RETURN_TYPE = YES_ERROR;
				GCC_WARN_UNDECLARED_SELECTOR = YES;
				GCC_WARN_UNINITIALIZED_AUTOS = YES_AGGRESSIVE;
				GCC_WARN_UNUSED_FUNCTION = YES;
				GCC_WARN_UNUSED_VARIABLE = YES;
				IPHONEOS_DEPLOYMENT_TARGET = 16.2;
				MTL_ENABLE_DEBUG_INFO = NO;
				MTL_FAST_MATH = YES;
				SDKROOT = iphoneos;
				SWIFT_COMPILATION_MODE = wholemodule;
				SWIFT_OPTIMIZATION_LEVEL = "-O";
				VALIDATE_PRODUCT = YES;
			};
			name = Release;
		};
		286FFB3F295C7D4400D10E8A /* Debug */ = {
			isa = XCBuildConfiguration;
			buildSettings = {
				ASSETCATALOG_COMPILER_APPICON_NAME = AppIcon;
				ASSETCATALOG_COMPILER_GLOBAL_ACCENT_COLOR_NAME = AccentColor;
				CODE_SIGN_STYLE = Automatic;
				CURRENT_PROJECT_VERSION = 1;
				DEVELOPMENT_ASSET_PATHS = "\"coredataPRaci/Preview Content\"";
				DEVELOPMENT_TEAM = F24K96UF2R;
				ENABLE_PREVIEWS = YES;
				GENERATE_INFOPLIST_FILE = YES;
				INFOPLIST_FILE = coredataPRaci/Info.plist;
				INFOPLIST_KEY_UIApplicationSupportsIndirectInputEvents = YES;
				INFOPLIST_KEY_UILaunchScreen_Generation = YES;
				INFOPLIST_KEY_UISupportedInterfaceOrientations_iPad = "UIInterfaceOrientationPortrait UIInterfaceOrientationPortraitUpsideDown UIInterfaceOrientationLandscapeLeft UIInterfaceOrientationLandscapeRight";
				INFOPLIST_KEY_UISupportedInterfaceOrientations_iPhone = "UIInterfaceOrientationPortrait UIInterfaceOrientationLandscapeLeft UIInterfaceOrientationLandscapeRight";
				IPHONEOS_DEPLOYMENT_TARGET = 16.0;
				LD_RUNPATH_SEARCH_PATHS = (
					"$(inherited)",
					"@executable_path/Frameworks",
				);
				MARKETING_VERSION = 1.0;
				NEW_SETTING = "";
				PRODUCT_BUNDLE_IDENTIFIER = com.tao.coredataPRaci;
				PRODUCT_NAME = "$(TARGET_NAME)";
				SWIFT_EMIT_LOC_STRINGS = YES;
				SWIFT_VERSION = 5.0;
				TARGETED_DEVICE_FAMILY = "1,2";
			};
			name = Debug;
		};
		286FFB40295C7D4400D10E8A /* Release */ = {
			isa = XCBuildConfiguration;
			buildSettings = {
				ASSETCATALOG_COMPILER_APPICON_NAME = AppIcon;
				ASSETCATALOG_COMPILER_GLOBAL_ACCENT_COLOR_NAME = AccentColor;
				CODE_SIGN_STYLE = Automatic;
				CURRENT_PROJECT_VERSION = 1;
				DEVELOPMENT_ASSET_PATHS = "\"coredataPRaci/Preview Content\"";
				DEVELOPMENT_TEAM = F24K96UF2R;
				ENABLE_PREVIEWS = YES;
				GENERATE_INFOPLIST_FILE = YES;
				INFOPLIST_FILE = coredataPRaci/Info.plist;
				INFOPLIST_KEY_UIApplicationSupportsIndirectInputEvents = YES;
				INFOPLIST_KEY_UILaunchScreen_Generation = YES;
				INFOPLIST_KEY_UISupportedInterfaceOrientations_iPad = "UIInterfaceOrientationPortrait UIInterfaceOrientationPortraitUpsideDown UIInterfaceOrientationLandscapeLeft UIInterfaceOrientationLandscapeRight";
				INFOPLIST_KEY_UISupportedInterfaceOrientations_iPhone = "UIInterfaceOrientationPortrait UIInterfaceOrientationLandscapeLeft UIInterfaceOrientationLandscapeRight";
				IPHONEOS_DEPLOYMENT_TARGET = 16.0;
				LD_RUNPATH_SEARCH_PATHS = (
					"$(inherited)",
					"@executable_path/Frameworks",
				);
				MARKETING_VERSION = 1.0;
				NEW_SETTING = "";
				PRODUCT_BUNDLE_IDENTIFIER = com.tao.coredataPRaci;
				PRODUCT_NAME = "$(TARGET_NAME)";
				SWIFT_EMIT_LOC_STRINGS = YES;
				SWIFT_VERSION = 5.0;
				TARGETED_DEVICE_FAMILY = "1,2";
			};
			name = Release;
		};
/* End XCBuildConfiguration section */

/* Begin XCConfigurationList section */
		286FFB2B295C7D4200D10E8A /* Build configuration list for PBXProject "coredataPRaci" */ = {
			isa = XCConfigurationList;
			buildConfigurations = (
				286FFB3C295C7D4400D10E8A /* Debug */,
				286FFB3D295C7D4400D10E8A /* Release */,
			);
			defaultConfigurationIsVisible = 0;
			defaultConfigurationName = Release;
		};
		286FFB3E295C7D4400D10E8A /* Build configuration list for PBXNativeTarget "coredataPRaci" */ = {
			isa = XCConfigurationList;
			buildConfigurations = (
				286FFB3F295C7D4400D10E8A /* Debug */,
				286FFB40295C7D4400D10E8A /* Release */,
			);
			defaultConfigurationIsVisible = 0;
			defaultConfigurationName = Release;
		};
/* End XCConfigurationList section */

/* Begin XCVersionGroup section */
		286FFB41295C7D9300D10E8A /* coremodel.xcdatamodeld */ = {
			isa = XCVersionGroup;
			children = (
				286FFB42295C7D9400D10E8A /* coremodel.xcdatamodel */,
			);
			currentVersion = 286FFB42295C7D9400D10E8A /* coremodel.xcdatamodel */;
			path = coremodel.xcdatamodeld;
			sourceTree = "<group>";
			versionGroupType = wrapper.xcdatamodel;
		};
/* End XCVersionGroup section */
	};
	rootObject = 286FFB28295C7D4200D10E8A /* Project object */;
}
